# Generated by pub
# See https://dart.dev/tools/pub/glossary#lockfile
packages:
  _fe_analyzer_shared:
    dependency: transitive
    description:
      name: _fe_analyzer_shared
      sha256: dc27559385e905ad30838356c5f5d574014ba39872d732111cd07ac0beff4c57
      url: "https://pub.dev"
    source: hosted
    version: "80.0.0"
  _flutterfire_internals:
    dependency: transitive
    description:
      name: _flutterfire_internals
      sha256: de9ecbb3ddafd446095f7e833c853aff2fa1682b017921fe63a833f9d6f0e422
      url: "https://pub.dev"
    source: hosted
    version: "1.3.54"
  analyzer:
    dependency: transitive
    description:
      name: analyzer
      sha256: "192d1c5b944e7e53b24b5586db760db934b177d4147c42fbca8c8c5f1eb8d11e"
      url: "https://pub.dev"
    source: hosted
    version: "7.3.0"
  analyzer_plugin:
    dependency: transitive
    description:
      name: analyzer_plugin
      sha256: b3075265c5ab222f8b3188342dcb50b476286394a40323e85d1fa725035d40a4
      url: "https://pub.dev"
    source: hosted
    version: "0.13.0"
  app_settings:
    dependency: "direct main"
    description:
      name: app_settings
      sha256: "476df1d85cec143c3d27dd1c7451629a59c0c5ccf70a0adcbfa92a0a2d928705"
      url: "https://pub.dev"
    source: hosted
    version: "5.2.0"
  args:
    dependency: transitive
    description:
      name: args
      sha256: d0481093c50b1da8910eb0bb301626d4d8eb7284aa739614d2b394ee09e3ea04
      url: "https://pub.dev"
    source: hosted
    version: "2.7.0"
  async:
    dependency: transitive
    description:
      name: async
      sha256: d2872f9c19731c2e5f10444b14686eb7cc85c76274bd6c16e1816bff9a3bab63
      url: "https://pub.dev"
    source: hosted
    version: "2.12.0"
  bloc:
    dependency: "direct main"
    description:
      name: bloc
      sha256: "52c10575f4445c61dd9e0cafcc6356fdd827c4c64dd7945ef3c4105f6b6ac189"
      url: "https://pub.dev"
    source: hosted
    version: "9.0.0"
  boolean_selector:
    dependency: transitive
    description:
      name: boolean_selector
      sha256: "8aab1771e1243a5063b8b0ff68042d67334e3feab9e95b9490f9a6ebf73b42ea"
      url: "https://pub.dev"
    source: hosted
    version: "2.1.2"
  characters:
    dependency: transitive
    description:
      name: characters
      sha256: f71061c654a3380576a52b451dd5532377954cf9dbd272a78fc8479606670803
      url: "https://pub.dev"
    source: hosted
    version: "1.4.0"
  checked_yaml:
    dependency: transitive
    description:
      name: checked_yaml
      sha256: feb6bed21949061731a7a75fc5d2aa727cf160b91af9a3e464c5e3a32e28b5ff
      url: "https://pub.dev"
    source: hosted
    version: "2.0.3"
  ci:
    dependency: transitive
    description:
      name: ci
      sha256: "145d095ce05cddac4d797a158bc4cf3b6016d1fe63d8c3d2fbd7212590adca13"
      url: "https://pub.dev"
    source: hosted
    version: "0.1.0"
  cli_util:
    dependency: transitive
    description:
      name: cli_util
      sha256: ff6785f7e9e3c38ac98b2fb035701789de90154024a75b6cb926445e83197d1c
      url: "https://pub.dev"
    source: hosted
    version: "0.4.2"
  clock:
    dependency: transitive
    description:
      name: clock
      sha256: fddb70d9b5277016c77a80201021d40a2247104d9f4aa7bab7157b7e3f05b84b
      url: "https://pub.dev"
    source: hosted
    version: "1.1.2"
  collection:
    dependency: transitive
    description:
      name: collection
      sha256: "2f5709ae4d3d59dd8f7cd309b4e023046b57d8a6c82130785d2b0e5868084e76"
      url: "https://pub.dev"
    source: hosted
    version: "1.19.1"
  connectivity_plus:
    dependency: transitive
    description:
      name: connectivity_plus
      sha256: "04bf81bb0b77de31557b58d052b24b3eee33f09a6e7a8c68a3e247c7df19ec27"
      url: "https://pub.dev"
    source: hosted
    version: "6.1.3"
  connectivity_plus_platform_interface:
    dependency: transitive
    description:
      name: connectivity_plus_platform_interface
      sha256: "42657c1715d48b167930d5f34d00222ac100475f73d10162ddf43e714932f204"
      url: "https://pub.dev"
    source: hosted
    version: "2.0.1"
  convert:
    dependency: transitive
    description:
      name: convert
      sha256: b30acd5944035672bc15c6b7a8b47d773e41e2f17de064350988c5d02adb1c68
      url: "https://pub.dev"
    source: hosted
    version: "3.1.2"
  crypto:
    dependency: transitive
    description:
      name: crypto
      sha256: "1e445881f28f22d6140f181e07737b22f1e099a5e1ff94b0af2f9e4a463f4855"
      url: "https://pub.dev"
    source: hosted
    version: "3.0.6"
  custom_lint:
    dependency: "direct dev"
    description:
      name: custom_lint
      sha256: "409c485fd14f544af1da965d5a0d160ee57cd58b63eeaa7280a4f28cf5bda7f1"
      url: "https://pub.dev"
    source: hosted
    version: "0.7.5"
  custom_lint_builder:
    dependency: transitive
    description:
      name: custom_lint_builder
      sha256: "107e0a43606138015777590ee8ce32f26ba7415c25b722ff0908a6f5d7a4c228"
      url: "https://pub.dev"
    source: hosted
    version: "0.7.5"
  custom_lint_core:
    dependency: transitive
    description:
      name: custom_lint_core
      sha256: "31110af3dde9d29fb10828ca33f1dce24d2798477b167675543ce3d208dee8be"
      url: "https://pub.dev"
    source: hosted
    version: "0.7.5"
  custom_lint_visitor:
    dependency: transitive
    description:
      name: custom_lint_visitor
      sha256: "36282d85714af494ee2d7da8c8913630aa6694da99f104fb2ed4afcf8fc857d8"
      url: "https://pub.dev"
    source: hosted
    version: "1.0.0+7.3.0"
  dart_style:
    dependency: transitive
    description:
      name: dart_style
      sha256: "27eb0ae77836989a3bc541ce55595e8ceee0992807f14511552a898ddd0d88ac"
      url: "https://pub.dev"
    source: hosted
    version: "3.0.1"
  dbus:
    dependency: transitive
    description:
      name: dbus
      sha256: "79e0c23480ff85dc68de79e2cd6334add97e48f7f4865d17686dd6ea81a47e8c"
      url: "https://pub.dev"
    source: hosted
    version: "0.7.11"
  desktop_webview_auth:
    dependency: transitive
    description:
      name: desktop_webview_auth
      sha256: c4dce73346a7be7243c90ac3b1a68586d9f0e2c2710e81e07d758e80a6ebd920
      url: "https://pub.dev"
    source: hosted
    version: "0.0.15"
  dispose_scope:
    dependency: transitive
    description:
      name: dispose_scope
      sha256: "48ec38ca2631c53c4f8fa96b294c801e55c335db5e3fb9f82cede150cfe5a2af"
      url: "https://pub.dev"
    source: hosted
    version: "2.1.0"
  email_validator:
    dependency: transitive
    description:
      name: email_validator
      sha256: e9a90f27ab2b915a27d7f9c2a7ddda5dd752d6942616ee83529b686fc086221b
      url: "https://pub.dev"
    source: hosted
    version: "2.1.17"
  equatable:
    dependency: "direct main"
    description:
      name: equatable
      sha256: "567c64b3cb4cf82397aac55f4f0cbd3ca20d77c6c03bedbc4ceaddc08904aef7"
      url: "https://pub.dev"
    source: hosted
    version: "2.0.7"
  fake_async:
    dependency: transitive
    description:
      name: fake_async
      sha256: "6a95e56b2449df2273fd8c45a662d6947ce1ebb7aafe80e550a3f68297f3cacc"
      url: "https://pub.dev"
    source: hosted
    version: "1.3.2"
  ffi:
    dependency: transitive
    description:
      name: ffi
      sha256: "289279317b4b16eb2bb7e271abccd4bf84ec9bdcbe999e278a94b804f5630418"
      url: "https://pub.dev"
    source: hosted
    version: "2.1.4"
  file:
    dependency: transitive
    description:
      name: file
      sha256: a3b4f84adafef897088c160faf7dfffb7696046cb13ae90b508c2cbc95d3b8d4
      url: "https://pub.dev"
    source: hosted
    version: "7.0.1"
  firebase_auth:
    dependency: "direct main"
    description:
      name: firebase_auth
      sha256: "91587615d7d9165c65a030426e3cf40bbec37c486f52ff654af17aba5be3d208"
      url: "https://pub.dev"
    source: hosted
    version: "5.5.1"
  firebase_auth_platform_interface:
    dependency: transitive
    description:
      name: firebase_auth_platform_interface
      sha256: "1dcf1dbdd90fe97fa37ab3631b561bf584adb88f6be0b0dd915fff799ad53192"
      url: "https://pub.dev"
    source: hosted
    version: "7.6.1"
  firebase_auth_web:
    dependency: transitive
    description:
      name: firebase_auth_web
      sha256: "3774cb13547e28b180fed2a5e696b4b36f97f4b1fadc7b04a0200e5009344d98"
      url: "https://pub.dev"
    source: hosted
    version: "5.14.1"
  firebase_core:
    dependency: "direct main"
    description:
      name: firebase_core
      sha256: "017d17d9915670e6117497e640b2859e0b868026ea36bf3a57feb28c3b97debe"
      url: "https://pub.dev"
    source: hosted
    version: "3.13.0"
  firebase_core_platform_interface:
    dependency: transitive
    description:
      name: firebase_core_platform_interface
      sha256: d7253d255ff10f85cfd2adaba9ac17bae878fa3ba577462451163bd9f1d1f0bf
      url: "https://pub.dev"
    source: hosted
    version: "5.4.0"
  firebase_core_web:
    dependency: transitive
    description:
      name: firebase_core_web
      sha256: "129a34d1e0fb62e2b488d988a1fc26cc15636357e50944ffee2862efe8929b23"
      url: "https://pub.dev"
    source: hosted
    version: "2.22.0"
  firebase_database:
    dependency: "direct main"
    description:
      name: firebase_database
      sha256: "182ce4713d47ffc5f19a5a7b934867d1fae9c33081febcec8c062cb89fc14652"
      url: "https://pub.dev"
    source: hosted
    version: "11.3.5"
  firebase_database_platform_interface:
    dependency: transitive
    description:
      name: firebase_database_platform_interface
      sha256: b65f416dd2c8ac2d5322241e5411a24ed3da43d0f38aaf9ab6c211d72e52261b
      url: "https://pub.dev"
    source: hosted
    version: "0.2.6+5"
  firebase_database_web:
    dependency: transitive
    description:
      name: firebase_database_web
      sha256: "5203141fe00a1edfaed5f8e0444b8e4ef807a8ec6eca925621b1cab69b6c06e4"
      url: "https://pub.dev"
    source: hosted
    version: "0.2.6+11"
  firebase_dynamic_links:
    dependency: transitive
    description:
      name: firebase_dynamic_links
      sha256: "4354813cecedf897b08ccb57ca111d127d6e5960e93af272df62af8cd1097d36"
      url: "https://pub.dev"
    source: hosted
    version: "6.1.4"
  firebase_dynamic_links_platform_interface:
    dependency: transitive
    description:
      name: firebase_dynamic_links_platform_interface
      sha256: "0528ce67b3e7b39f6bcb9a243f26102ea3fe8a5f5df3624bc35e306f46f4423c"
      url: "https://pub.dev"
    source: hosted
    version: "0.2.7+4"
  firebase_ui_auth:
    dependency: "direct main"
    description:
      name: firebase_ui_auth
      sha256: cf2cd23625f3df3c6b27e37d04132980f17d707b1adc160bddf425afe1782eed
      url: "https://pub.dev"
    source: hosted
    version: "1.16.1"
  firebase_ui_localizations:
    dependency: transitive
    description:
      name: firebase_ui_localizations
      sha256: "01c0c872ce08d16d217490af3438c97c4fcf1187e856dd2525f892178782fc46"
      url: "https://pub.dev"
    source: hosted
    version: "1.13.1"
  firebase_ui_oauth:
    dependency: transitive
    description:
      name: firebase_ui_oauth
      sha256: f7a0a12e7d4f0518848709f093400796a5c7e3ef13f3498ac83793d291341d9e
      url: "https://pub.dev"
    source: hosted
    version: "1.6.1"
  firebase_ui_shared:
    dependency: transitive
    description:
      name: firebase_ui_shared
      sha256: f1d07c130a39104d32fba1dab274b7bcb13be2bf4e652624a4ccabb58f9781f1
      url: "https://pub.dev"
    source: hosted
    version: "1.4.1"
  fixnum:
    dependency: transitive
    description:
      name: fixnum
      sha256: b6dc7065e46c974bc7c5f143080a6764ec7a4be6da1285ececdc37be96de53be
      url: "https://pub.dev"
    source: hosted
    version: "1.1.1"
  flutter:
    dependency: "direct main"
    description: flutter
    source: sdk
    version: "0.0.0"
  flutter_bloc:
    dependency: "direct main"
    description:
      name: flutter_bloc
      sha256: "1046d719fbdf230330d3443187cc33cc11963d15c9089f6cc56faa42a4c5f0cc"
      url: "https://pub.dev"
    source: hosted
    version: "9.1.0"
  flutter_colorpicker:
    dependency: "direct main"
    description:
      name: flutter_colorpicker
      sha256: "969de5f6f9e2a570ac660fb7b501551451ea2a1ab9e2097e89475f60e07816ea"
      url: "https://pub.dev"
    source: hosted
    version: "1.1.0"
  flutter_lints:
    dependency: "direct dev"
    description:
      name: flutter_lints
      sha256: "5398f14efa795ffb7a33e9b6a08798b26a180edac4ad7db3f231e40f82ce11e1"
      url: "https://pub.dev"
    source: hosted
    version: "5.0.0"
  flutter_local_notifications:
    dependency: "direct main"
    description:
      name: flutter_local_notifications
      sha256: d59eeafd6df92174b1d5f68fc9d66634c97ce2e7cfe2293476236547bb19bbbd
      url: "https://pub.dev"
    source: hosted
    version: "19.0.0"
  flutter_local_notifications_linux:
    dependency: transitive
    description:
      name: flutter_local_notifications_linux
      sha256: e3c277b2daab8e36ac5a6820536668d07e83851aeeb79c446e525a70710770a5
      url: "https://pub.dev"
    source: hosted
    version: "6.0.0"
  flutter_local_notifications_platform_interface:
    dependency: transitive
    description:
      name: flutter_local_notifications_platform_interface
      sha256: "2569b973fc9d1f63a37410a9f7c1c552081226c597190cb359ef5d5762d1631c"
      url: "https://pub.dev"
    source: hosted
    version: "9.0.0"
  flutter_local_notifications_windows:
    dependency: transitive
    description:
      name: flutter_local_notifications_windows
      sha256: f8fc0652a601f83419d623c85723a3e82ad81f92b33eaa9bcc21ea1b94773e6e
      url: "https://pub.dev"
    source: hosted
    version: "1.0.0"
  flutter_localizations:
    dependency: transitive
    description: flutter
    source: sdk
    version: "0.0.0"
  flutter_map:
    dependency: "direct main"
    description:
      name: flutter_map
      sha256: "87cc8349b8fa5dccda5af50018c7374b6645334a0d680931c1fe11bce88fa5bb"
      url: "https://pub.dev"
    source: hosted
    version: "6.2.1"
  flutter_svg:
    dependency: transitive
    description:
      name: flutter_svg
      sha256: c200fd79c918a40c5cd50ea0877fa13f81bdaf6f0a5d3dbcc2a13e3285d6aa1b
      url: "https://pub.dev"
    source: hosted
    version: "2.0.17"
  flutter_test:
    dependency: "direct dev"
    description: flutter
    source: sdk
    version: "0.0.0"
  flutter_web_plugins:
    dependency: transitive
    description: flutter
    source: sdk
    version: "0.0.0"
  freezed_annotation:
    dependency: transitive
    description:
      name: freezed_annotation
      sha256: c87ff004c8aa6af2d531668b46a4ea379f7191dc6dfa066acd53d506da6e044b
      url: "https://pub.dev"
    source: hosted
    version: "3.0.0"
  glob:
    dependency: transitive
    description:
      name: glob
      sha256: c3f1ee72c96f8f78935e18aa8cecced9ab132419e8625dc187e1c2408efc20de
      url: "https://pub.dev"
    source: hosted
    version: "2.1.3"
  google_identity_services_web:
    dependency: transitive
    description:
      name: google_identity_services_web
      sha256: "55580f436822d64c8ff9a77e37d61f5fb1e6c7ec9d632a43ee324e2a05c3c6c9"
      url: "https://pub.dev"
    source: hosted
    version: "0.3.3"
  google_sign_in:
    dependency: "direct main"
    description:
      name: google_sign_in
      sha256: d0a2c3bcb06e607bb11e4daca48bd4b6120f0bbc4015ccebbe757d24ea60ed2a
      url: "https://pub.dev"
    source: hosted
    version: "6.3.0"
  google_sign_in_android:
    dependency: transitive
    description:
      name: google_sign_in_android
      sha256: "4e52c64366bdb3fe758f683b088ee514cc7a95e69c52b5ee9fc5919e1683d21b"
      url: "https://pub.dev"
    source: hosted
    version: "6.2.0"
  google_sign_in_ios:
    dependency: transitive
    description:
      name: google_sign_in_ios
      sha256: "29cd125f58f50ceb40e8253d3c0209e321eee3e5df16cd6d262495f7cad6a2bd"
      url: "https://pub.dev"
    source: hosted
    version: "5.8.1"
  google_sign_in_platform_interface:
    dependency: transitive
    description:
      name: google_sign_in_platform_interface
      sha256: "5f6f79cf139c197261adb6ac024577518ae48fdff8e53205c5373b5f6430a8aa"
      url: "https://pub.dev"
    source: hosted
    version: "2.5.0"
  google_sign_in_web:
    dependency: transitive
    description:
      name: google_sign_in_web
      sha256: "460547beb4962b7623ac0fb8122d6b8268c951cf0b646dd150d60498430e4ded"
      url: "https://pub.dev"
    source: hosted
    version: "0.12.4+4"
  hotreloader:
    dependency: transitive
    description:
      name: hotreloader
      sha256: bc167a1163807b03bada490bfe2df25b0d744df359227880220a5cbd04e5734b
      url: "https://pub.dev"
    source: hosted
    version: "4.3.0"
  http:
    dependency: transitive
    description:
      name: http
      sha256: fe7ab022b76f3034adc518fb6ea04a82387620e19977665ea18d30a1cf43442f
      url: "https://pub.dev"
    source: hosted
    version: "1.3.0"
  http_parser:
    dependency: transitive
    description:
      name: http_parser
      sha256: "178d74305e7866013777bab2c3d8726205dc5a4dd935297175b19a23a2e66571"
      url: "https://pub.dev"
    source: hosted
    version: "4.1.2"
  internet_connection_checker_plus:
    dependency: "direct main"
    description:
      name: internet_connection_checker_plus
      sha256: eb3a6f03e7b1641589f580993d29aee0b3c4920fc618f7556de359fedb87b02e
      url: "https://pub.dev"
    source: hosted
    version: "2.7.1"
  intl:
    dependency: transitive
    description:
      name: intl
      sha256: d6f56758b7d3014a48af9701c085700aac781a92a87a62b1333b46d8879661cf
      url: "https://pub.dev"
    source: hosted
    version: "0.19.0"
  js:
    dependency: transitive
    description:
      name: js
      sha256: f2c445dce49627136094980615a031419f7f3eb393237e4ecd97ac15dea343f3
      url: "https://pub.dev"
    source: hosted
    version: "0.6.7"
  json_annotation:
    dependency: transitive
    description:
      name: json_annotation
      sha256: "1ce844379ca14835a50d2f019a3099f419082cfdd231cd86a142af94dd5c6bb1"
      url: "https://pub.dev"
    source: hosted
    version: "4.9.0"
  latlong2:
    dependency: "direct main"
    description:
      name: latlong2
      sha256: "98227922caf49e6056f91b6c56945ea1c7b166f28ffcd5fb8e72fc0b453cc8fe"
      url: "https://pub.dev"
    source: hosted
    version: "0.9.1"
  leak_tracker:
    dependency: transitive
    description:
      name: leak_tracker
      sha256: c35baad643ba394b40aac41080300150a4f08fd0fd6a10378f8f7c6bc161acec
      url: "https://pub.dev"
    source: hosted
    version: "10.0.8"
  leak_tracker_flutter_testing:
    dependency: transitive
    description:
      name: leak_tracker_flutter_testing
      sha256: f8b613e7e6a13ec79cfdc0e97638fddb3ab848452eff057653abd3edba760573
      url: "https://pub.dev"
    source: hosted
    version: "3.0.9"
  leak_tracker_testing:
    dependency: transitive
    description:
      name: leak_tracker_testing
      sha256: "6ba465d5d76e67ddf503e1161d1f4a6bc42306f9d66ca1e8f079a47290fb06d3"
      url: "https://pub.dev"
    source: hosted
    version: "3.0.1"
  leancode_lint:
    dependency: "direct dev"
    description:
      name: leancode_lint
      sha256: "4ce7ba4dd48875e5351494d784fe4a1effea3aecf112d9abcfd120b46dc2742c"
      url: "https://pub.dev"
    source: hosted
    version: "15.1.0"
  lints:
    dependency: transitive
    description:
      name: lints
      sha256: c35bb79562d980e9a453fc715854e1ed39e24e7d0297a880ef54e17f9874a9d7
      url: "https://pub.dev"
    source: hosted
    version: "5.1.1"
  lists:
    dependency: transitive
    description:
      name: lists
      sha256: "4ca5c19ae4350de036a7e996cdd1ee39c93ac0a2b840f4915459b7d0a7d4ab27"
      url: "https://pub.dev"
    source: hosted
    version: "1.0.1"
  location:
    dependency: "direct main"
    description:
      name: location
      sha256: "06be54f682c9073cbfec3899eb9bc8ed90faa0e17735c9d9fa7fe426f5be1dd1"
      url: "https://pub.dev"
    source: hosted
    version: "5.0.3"
  location_platform_interface:
    dependency: transitive
    description:
      name: location_platform_interface
      sha256: "8aa1d34eeecc979d7c9fe372931d84f6d2ebbd52226a54fe1620de6fdc0753b1"
      url: "https://pub.dev"
    source: hosted
    version: "3.1.2"
  location_web:
    dependency: transitive
    description:
      name: location_web
      sha256: ec484c66e8a4ff1ee5d044c203f4b6b71e3a0556a97b739a5bc9616de672412b
      url: "https://pub.dev"
    source: hosted
    version: "4.2.0"
  logger:
    dependency: transitive
    description:
      name: logger
      sha256: be4b23575aac7ebf01f225a241eb7f6b5641eeaf43c6a8613510fc2f8cf187d1
      url: "https://pub.dev"
    source: hosted
    version: "2.5.0"
  logging:
    dependency: transitive
    description:
      name: logging
      sha256: c8245ada5f1717ed44271ed1c26b8ce85ca3228fd2ffdb75468ab01979309d61
      url: "https://pub.dev"
    source: hosted
    version: "1.3.0"
  matcher:
    dependency: transitive
    description:
      name: matcher
      sha256: dc58c723c3c24bf8d3e2d3ad3f2f9d7bd9cf43ec6feaa64181775e60190153f2
      url: "https://pub.dev"
    source: hosted
    version: "0.12.17"
  material_color_utilities:
    dependency: transitive
    description:
      name: material_color_utilities
      sha256: f7142bb1154231d7ea5f96bc7bde4bda2a0945d2806bb11670e30b850d56bdec
      url: "https://pub.dev"
    source: hosted
    version: "0.11.1"
  meta:
    dependency: transitive
    description:
      name: meta
      sha256: e3641ec5d63ebf0d9b41bd43201a66e3fc79a65db5f61fc181f04cd27aab950c
      url: "https://pub.dev"
    source: hosted
    version: "1.16.0"
  mgrs_dart:
    dependency: transitive
    description:
      name: mgrs_dart
      sha256: fb89ae62f05fa0bb90f70c31fc870bcbcfd516c843fb554452ab3396f78586f7
      url: "https://pub.dev"
    source: hosted
    version: "2.0.0"
  mobile_scanner:
    dependency: "direct main"
    description:
      name: mobile_scanner
      sha256: c146c012aa00bcf639fa9f00572b1beb3583675c872fc6048544438ef1159453
      url: "https://pub.dev"
    source: hosted
    version: "6.0.8"
  nested:
    dependency: transitive
    description:
      name: nested
      sha256: "03bac4c528c64c95c722ec99280375a6f2fc708eec17c7b3f07253b626cd2a20"
      url: "https://pub.dev"
    source: hosted
    version: "1.0.0"
  nm:
    dependency: transitive
    description:
      name: nm
      sha256: "2c9aae4127bdc8993206464fcc063611e0e36e72018696cd9631023a31b24254"
      url: "https://pub.dev"
    source: hosted
    version: "0.5.0"
  package_config:
    dependency: transitive
    description:
      name: package_config
      sha256: f096c55ebb7deb7e384101542bfba8c52696c1b56fca2eb62827989ef2353bbc
      url: "https://pub.dev"
    source: hosted
    version: "2.2.0"
  path:
    dependency: transitive
    description:
      name: path
      sha256: "75cca69d1490965be98c73ceaea117e8a04dd21217b37b292c9ddbec0d955bc5"
      url: "https://pub.dev"
    source: hosted
    version: "1.9.1"
  path_parsing:
    dependency: transitive
    description:
      name: path_parsing
      sha256: "883402936929eac138ee0a45da5b0f2c80f89913e6dc3bf77eb65b84b409c6ca"
      url: "https://pub.dev"
    source: hosted
    version: "1.1.0"
  patrol:
    dependency: "direct dev"
    description:
      name: patrol
      sha256: "958cf719a4121a4cd85697dc2f6687126e73592f68f72acfe9f92b9a3d1a73e4"
      url: "https://pub.dev"
    source: hosted
    version: "3.15.1"
  patrol_finders:
    dependency: transitive
    description:
      name: patrol_finders
      sha256: "8787f9d5c3417b72e8959a55ad51c024cc0594d15e5db85bc179c4d8faa0c493"
      url: "https://pub.dev"
    source: hosted
    version: "2.7.2"
  patrol_log:
    dependency: transitive
    description:
      name: patrol_log
      sha256: "98b2701400c7a00b11533ab942bdeb44c3c714746e7cdb12e6cb93b6d06361da"
      url: "https://pub.dev"
    source: hosted
    version: "0.3.0"
  petitparser:
    dependency: transitive
    description:
      name: petitparser
      sha256: "07c8f0b1913bcde1ff0d26e57ace2f3012ccbf2b204e070290dad3bb22797646"
      url: "https://pub.dev"
    source: hosted
    version: "6.1.0"
  plugin_platform_interface:
    dependency: transitive
    description:
      name: plugin_platform_interface
      sha256: "4820fbfdb9478b1ebae27888254d445073732dae3d6ea81f0b7e06d5dedc3f02"
      url: "https://pub.dev"
    source: hosted
    version: "2.1.8"
  polylabel:
    dependency: transitive
    description:
      name: polylabel
      sha256: "41b9099afb2aa6c1730bdd8a0fab1400d287694ec7615dd8516935fa3144214b"
      url: "https://pub.dev"
    source: hosted
    version: "1.0.1"
  proj4dart:
    dependency: transitive
    description:
      name: proj4dart
      sha256: c8a659ac9b6864aa47c171e78d41bbe6f5e1d7bd790a5814249e6b68bc44324e
      url: "https://pub.dev"
    source: hosted
    version: "2.1.0"
  provider:
    dependency: "direct main"
    description:
      name: provider
      sha256: "489024f942069c2920c844ee18bb3d467c69e48955a4f32d1677f71be103e310"
      url: "https://pub.dev"
    source: hosted
    version: "6.1.4"
  pub_semver:
    dependency: transitive
    description:
      name: pub_semver
      sha256: "5bfcf68ca79ef689f8990d1160781b4bad40a3bd5e5218ad4076ddb7f4081585"
      url: "https://pub.dev"
    source: hosted
    version: "2.2.0"
  pubspec_parse:
    dependency: transitive
    description:
      name: pubspec_parse
      sha256: "0560ba233314abbed0a48a2956f7f022cce7c3e1e73df540277da7544cad4082"
      url: "https://pub.dev"
    source: hosted
    version: "1.5.0"
  rxdart:
    dependency: transitive
    description:
      name: rxdart
      sha256: "5c3004a4a8dbb94bd4bf5412a4def4acdaa12e12f269737a5751369e12d1a962"
      url: "https://pub.dev"
    source: hosted
    version: "0.28.0"
  shelf:
    dependency: transitive
    description:
      name: shelf
      sha256: e7dd780a7ffb623c57850b33f43309312fc863fb6aa3d276a754bb299839ef12
      url: "https://pub.dev"
    source: hosted
    version: "1.4.2"
  sky_engine:
    dependency: transitive
    description: flutter
    source: sdk
    version: "0.0.0"
  source_span:
    dependency: transitive
    description:
      name: source_span
      sha256: "254ee5351d6cb365c859e20ee823c3bb479bf4a293c22d17a9f1bf144ce86f7c"
      url: "https://pub.dev"
    source: hosted
    version: "1.10.1"
  sprintf:
    dependency: transitive
    description:
      name: sprintf
      sha256: "1fc9ffe69d4df602376b52949af107d8f5703b77cda567c4d7d86a0693120f23"
      url: "https://pub.dev"
    source: hosted
    version: "7.0.0"
  stack_trace:
    dependency: transitive
    description:
      name: stack_trace
      sha256: "8b27215b45d22309b5cddda1aa2b19bdfec9df0e765f2de506401c071d38d1b1"
      url: "https://pub.dev"
    source: hosted
    version: "1.12.1"
  stream_channel:
    dependency: transitive
    description:
      name: stream_channel
      sha256: "969e04c80b8bcdf826f8f16579c7b14d780458bd97f56d107d3950fdbeef059d"
      url: "https://pub.dev"
    source: hosted
    version: "2.1.4"
  stream_transform:
    dependency: transitive
    description:
      name: stream_transform
      sha256: ad47125e588cfd37a9a7f86c7d6356dde8dfe89d071d293f80ca9e9273a33871
      url: "https://pub.dev"
    source: hosted
    version: "2.1.1"
  string_scanner:
    dependency: transitive
    description:
      name: string_scanner
      sha256: "921cd31725b72fe181906c6a94d987c78e3b98c2e205b397ea399d4054872b43"
      url: "https://pub.dev"
    source: hosted
    version: "1.4.1"
  term_glyph:
    dependency: transitive
    description:
      name: term_glyph
      sha256: "7f554798625ea768a7518313e58f83891c7f5024f88e46e7182a4558850a4b8e"
      url: "https://pub.dev"
    source: hosted
    version: "1.2.2"
  test_api:
    dependency: transitive
    description:
      name: test_api
      sha256: fb31f383e2ee25fbbfe06b40fe21e1e458d14080e3c67e7ba0acfde4df4e0bbd
      url: "https://pub.dev"
    source: hosted
    version: "0.7.4"
  timezone:
    dependency: transitive
    description:
      name: timezone
      sha256: ffc9d5f4d1193534ef051f9254063fa53d588609418c84299956c3db9383587d
      url: "https://pub.dev"
    source: hosted
    version: "0.10.0"
  typed_data:
    dependency: transitive
    description:
      name: typed_data
      sha256: f9049c039ebfeb4cf7a7104a675823cd72dba8297f264b6637062516699fa006
      url: "https://pub.dev"
    source: hosted
    version: "1.4.0"
  unicode:
    dependency: transitive
    description:
      name: unicode
      sha256: "0f69e46593d65245774d4f17125c6084d2c20b4e473a983f6e21b7d7762218f1"
      url: "https://pub.dev"
    source: hosted
    version: "0.3.1"
  uuid:
    dependency: transitive
    description:
      name: uuid
      sha256: a5be9ef6618a7ac1e964353ef476418026db906c4facdedaa299b7a2e71690ff
      url: "https://pub.dev"
    source: hosted
    version: "4.5.1"
  vector_graphics:
    dependency: transitive
    description:
      name: vector_graphics
      sha256: "44cc7104ff32563122a929e4620cf3efd584194eec6d1d913eb5ba593dbcf6de"
      url: "https://pub.dev"
    source: hosted
    version: "1.1.18"
  vector_graphics_codec:
    dependency: transitive
    description:
      name: vector_graphics_codec
      sha256: "99fd9fbd34d9f9a32efd7b6a6aae14125d8237b10403b422a6a6dfeac2806146"
      url: "https://pub.dev"
    source: hosted
    version: "1.1.13"
  vector_graphics_compiler:
    dependency: transitive
    description:
      name: vector_graphics_compiler
      sha256: "1b4b9e706a10294258727674a340ae0d6e64a7231980f9f9a3d12e4b42407aad"
      url: "https://pub.dev"
    source: hosted
    version: "1.1.16"
  vector_math:
    dependency: transitive
    description:
      name: vector_math
      sha256: "80b3257d1492ce4d091729e3a67a60407d227c27241d6927be0130c98e741803"
      url: "https://pub.dev"
    source: hosted
    version: "2.1.4"
  vm_service:
    dependency: transitive
    description:
      name: vm_service
      sha256: "0968250880a6c5fe7edc067ed0a13d4bae1577fe2771dcf3010d52c4a9d3ca14"
      url: "https://pub.dev"
    source: hosted
    version: "14.3.1"
  watcher:
    dependency: transitive
    description:
      name: watcher
      sha256: "69da27e49efa56a15f8afe8f4438c4ec02eff0a117df1b22ea4aad194fe1c104"
      url: "https://pub.dev"
    source: hosted
    version: "1.1.1"
  web:
    dependency: transitive
    description:
      name: web
      sha256: "868d88a33d8a87b18ffc05f9f030ba328ffefba92d6c127917a2ba740f9cfe4a"
      url: "https://pub.dev"
    source: hosted
    version: "1.1.1"
  webview_flutter:
    dependency: "direct main"
    description:
      name: webview_flutter
      sha256: "889a0a678e7c793c308c68739996227c9661590605e70b1f6cf6b9a6634f7aec"
      url: "https://pub.dev"
    source: hosted
    version: "4.10.0"
  webview_flutter_android:
    dependency: transitive
    description:
      name: webview_flutter_android
      sha256: e09150b28a07933839adef0e4a088bb43e8c8d9e6b93025b01882d4067a58ab0
      url: "https://pub.dev"
    source: hosted
    version: "4.3.4"
  webview_flutter_platform_interface:
    dependency: transitive
    description:
      name: webview_flutter_platform_interface
      sha256: d937581d6e558908d7ae3dc1989c4f87b786891ab47bb9df7de548a151779d8d
      url: "https://pub.dev"
    source: hosted
    version: "2.10.0"
  webview_flutter_wkwebview:
    dependency: transitive
    description:
      name: webview_flutter_wkwebview
      sha256: c49a98510080378b1525132f407a92c3dcd3b7145bef04fb8137724aadcf1cf0
      url: "https://pub.dev"
    source: hosted
    version: "3.18.4"
  wkt_parser:
    dependency: transitive
    description:
      name: wkt_parser
      sha256: "8a555fc60de3116c00aad67891bcab20f81a958e4219cc106e3c037aa3937f13"
      url: "https://pub.dev"
    source: hosted
    version: "2.0.0"
  xdg_directories:
    dependency: transitive
    description:
      name: xdg_directories
      sha256: "7a3f37b05d989967cdddcbb571f1ea834867ae2faa29725fd085180e0883aa15"
      url: "https://pub.dev"
    source: hosted
    version: "1.1.0"
  xml:
    dependency: transitive
    description:
      name: xml
      sha256: b015a8ad1c488f66851d762d3090a21c600e479dc75e68328c52774040cf9226
      url: "https://pub.dev"
    source: hosted
    version: "6.5.0"
  yaml:
    dependency: transitive
    description:
      name: yaml
      sha256: b9da305ac7c39faa3f030eccd175340f968459dae4af175130b3fc47e40d76ce
      url: "https://pub.dev"
    source: hosted
    version: "3.1.3"
sdks:
  dart: ">=3.7.0 <4.0.0"
  flutter: ">=3.27.0"
